// !$*UTF8*$!
{
	archiveVersion = 1;
	classes = {
	};
	objectVersion = 56;
	objects = {

/* Begin PBXBuildFile section */
		D7B762E52BB20690006FF19F /* Swift_Data_Structures_and_Algorithms_ExplorationApp.swift in Sources */ = {isa = PBXBuildFile; fileRef = D7B762E42BB20690006FF19F /* Swift_Data_Structures_and_Algorithms_ExplorationApp.swift */; };
		D7B762E72BB20690006FF19F /* ContentView.swift in Sources */ = {isa = PBXBuildFile; fileRef = D7B762E62BB20690006FF19F /* ContentView.swift */; };
		D7B762E92BB20693006FF19F /* Assets.xcassets in Resources */ = {isa = PBXBuildFile; fileRef = D7B762E82BB20693006FF19F /* Assets.xcassets */; };
		D7B762EC2BB20693006FF19F /* Preview Assets.xcassets in Resources */ = {isa = PBXBuildFile; fileRef = D7B762EB2BB20693006FF19F /* Preview Assets.xcassets */; };
		D7B762EE2BB20693006FF19F /* Persistence.swift in Sources */ = {isa = PBXBuildFile; fileRef = D7B762ED2BB20693006FF19F /* Persistence.swift */; };
		D7B762F12BB20693006FF19F /* Swift_Data_Structures_and_Algorithms_Exploration.xcdatamodeld in Sources */ = {isa = PBXBuildFile; fileRef = D7B762EF2BB20693006FF19F /* Swift_Data_Structures_and_Algorithms_Exploration.xcdatamodeld */; };
/* End PBXBuildFile section */

/* Begin PBXFileReference section */
		D7B762E12BB20690006FF19F /* Swift Data Structures and Algorithms Exploration.app */ = {isa = PBXFileReference; explicitFileType = wrapper.application; includeInIndex = 0; path = "Swift Data Structures and Algorithms Exploration.app"; sourceTree = BUILT_PRODUCTS_DIR; };
		D7B762E42BB20690006FF19F /* Swift_Data_Structures_and_Algorithms_ExplorationApp.swift */ = {isa = PBXFileReference; lastKnownFileType = sourcecode.swift; path = Swift_Data_Structures_and_Algorithms_ExplorationApp.swift; sourceTree = "<group>"; };
		D7B762E62BB20690006FF19F /* ContentView.swift */ = {isa = PBXFileReference; lastKnownFileType = sourcecode.swift; path = ContentView.swift; sourceTree = "<group>"; };
		D7B762E82BB20693006FF19F /* Assets.xcassets */ = {isa = PBXFileReference; lastKnownFileType = folder.assetcatalog; path = Assets.xcassets; sourceTree = "<group>"; };
		D7B762EB2BB20693006FF19F /* Preview Assets.xcassets */ = {isa = PBXFileReference; lastKnownFileType = folder.assetcatalog; path = "Preview Assets.xcassets"; sourceTree = "<group>"; };
		D7B762ED2BB20693006FF19F /* Persistence.swift */ = {isa = PBXFileReference; lastKnownFileType = sourcecode.swift; path = Persistence.swift; sourceTree = "<group>"; };
		D7B762F02BB20693006FF19F /* Swift_Data_Structures_and_Algorithms_Exploration.xcdatamodel */ = {isa = PBXFileReference; lastKnownFileType = wrapper.xcdatamodel; path = Swift_Data_Structures_and_Algorithms_Exploration.xcdatamodel; sourceTree = "<group>"; };
/* End PBXFileReference section */

/* Begin PBXFrameworksBuildPhase section */
		D7B762DE2BB20690006FF19F /* Frameworks */ = {
			isa = PBXFrameworksBuildPhase;
			buildActionMask = 2147483647;
			files = (
			);
			runOnlyForDeploymentPostprocessing = 0;
		};
/* End PBXFrameworksBuildPhase section */

/* Begin PBXGroup section */
		D7B762D82BB20690006FF19F = {
			isa = PBXGroup;
			children = (
				D7B762E32BB20690006FF19F /* Swift Data Structures and Algorithms Exploration */,
				D7B762E22BB20690006FF19F /* Products */,
			);
			sourceTree = "<group>";
		};
		D7B762E22BB20690006FF19F /* Products */ = {
			isa = PBXGroup;
			children = (
				D7B762E12BB20690006FF19F /* Swift Data Structures and Algorithms Exploration.app */,
			);
			name = Products;
			sourceTree = "<group>";
		};
		D7B762E32BB20690006FF19F /* Swift Data Structures and Algorithms Exploration */ = {
			isa = PBXGroup;
			children = (
				D7B762E42BB20690006FF19F /* Swift_Data_Structures_and_Algorithms_ExplorationApp.swift */,
				D7B762E62BB20690006FF19F /* ContentView.swift */,
				D7B762E82BB20693006FF19F /* Assets.xcassets */,
				D7B762ED2BB20693006FF19F /* Persistence.swift */,
				D7B762EF2BB20693006FF19F /* Swift_Data_Structures_and_Algorithms_Exploration.xcdatamodeld */,
				D7B762EA2BB20693006FF19F /* Preview Content */,
			);
			path = "Swift Data Structures and Algorithms Exploration";
			sourceTree = "<group>";
		};
		D7B762EA2BB20693006FF19F /* Preview Content */ = {
			isa = PBXGroup;
			children = (
				D7B762EB2BB20693006FF19F /* Preview Assets.xcassets */,
			);
			path = "Preview Content";
			sourceTree = "<group>";
		};
/* End PBXGroup section */

/* Begin PBXNativeTarget section */
		D7B762E02BB20690006FF19F /* Swift Data Structures and Algorithms Exploration */ = {
			isa = PBXNativeTarget;
			buildConfigurationList = D7B762F42BB20693006FF19F /* Build configuration list for PBXNativeTarget "Swift Data Structures and Algorithms Exploration" */;
			buildPhases = (
				D7B762DD2BB20690006FF19F /* Sources */,
				D7B762DE2BB20690006FF19F /* Frameworks */,
				D7B762DF2BB20690006FF19F /* Resources */,
			);
			buildRules = (
			);
			dependencies = (
			);
			name = "Swift Data Structures and Algorithms Exploration";
			productName = "Swift Data Structures and Algorithms Exploration";
			productReference = D7B762E12BB20690006FF19F /* Swift Data Structures and Algorithms Exploration.app */;
			productType = "com.apple.product-type.application";
		};
/* End PBXNativeTarget section */

/* Begin PBXProject section */
		D7B762D92BB20690006FF19F /* Project object */ = {
			isa = PBXProject;
			attributes = {
				BuildIndependentTargetsInParallel = 1;
				LastSwiftUpdateCheck = 1520;
				LastUpgradeCheck = 1520;
				TargetAttributes = {
					D7B762E02BB20690006FF19F = {
						CreatedOnToolsVersion = 15.2;
					};
				};
			};
			buildConfigurationList = D7B762DC2BB20690006FF19F /* Build configuration list for PBXProject "Swift Data Structures and Algorithms Exploration" */;
			compatibilityVersion = "Xcode 14.0";
			developmentRegion = en;
			hasScannedForEncodings = 0;
			knownRegions = (
				en,
				Base,
			);
			mainGroup = D7B762D82BB20690006FF19F;
			productRefGroup = D7B762E22BB20690006FF19F /* Products */;
			projectDirPath = "";
			projectRoot = "";
			targets = (
				D7B762E02BB20690006FF19F /* Swift Data Structures and Algorithms Exploration */,
			);
		};
/* End PBXProject section */

/* Begin PBXResourcesBuildPhase section */
		D7B762DF2BB20690006FF19F /* Resources */ = {
			isa = PBXResourcesBuildPhase;
			buildActionMask = 2147483647;
			files = (
				D7B762EC2BB20693006FF19F /* Preview Assets.xcassets in Resources */,
				D7B762E92BB20693006FF19F /* Assets.xcassets in Resources */,
			);
			runOnlyForDeploymentPostprocessing = 0;
		};
/* End PBXResourcesBuildPhase section */

/* Begin PBXSourcesBuildPhase section */
		D7B762DD2BB20690006FF19F /* Sources */ = {
			isa = PBXSourcesBuildPhase;
			buildActionMask = 2147483647;
			files = (
				D7B762EE2BB20693006FF19F /* Persistence.swift in Sources */,
				D7B762F12BB20693006FF19F /* Swift_Data_Structures_and_Algorithms_Exploration.xcdatamodeld in Sources */,
				D7B762E72BB20690006FF19F /* ContentView.swift in Sources */,
				D7B762E52BB20690006FF19F /* Swift_Data_Structures_and_Algorithms_ExplorationApp.swift in Sources */,
			);
			runOnlyForDeploymentPostprocessing = 0;
		};
/* End PBXSourcesBuildPhase section */

/* Begin XCBuildConfiguration section */
		D7B762F22BB20693006FF19F /* Debug */ = {
			isa = XCBuildConfiguration;
			buildSettings = {
				ALWAYS_SEARCH_USER_PATHS = NO;
				ASSETCATALOG_COMPILER_GENERATE_SWIFT_ASSET_SYMBOL_EXTENSIONS = YES;
				CLANG_ANALYZER_NONNULL = YES;
				CLANG_ANALYZER_NUMBER_OBJECT_CONVERSION = YES_AGGRESSIVE;
				CLANG_CXX_LANGUAGE_STANDARD = "gnu++20";
				CLANG_ENABLE_MODULES = YES;
				CLANG_ENABLE_OBJC_ARC = YES;
				CLANG_ENABLE_OBJC_WEAK = YES;
				CLANG_WARN_BLOCK_CAPTURE_AUTORELEASING = YES;
				CLANG_WARN_BOOL_CONVERSION = YES;
				CLANG_WARN_COMMA = YES;
				CLANG_WARN_CONSTANT_CONVERSION = YES;
				CLANG_WARN_DEPRECATED_OBJC_IMPLEMENTATIONS = YES;
				CLANG_WARN_DIRECT_OBJC_ISA_USAGE = YES_ERROR;
				CLANG_WARN_DOCUMENTATION_COMMENTS = YES;
				CLANG_WARN_EMPTY_BODY = YES;
				CLANG_WARN_ENUM_CONVERSION = YES;
				CLANG_WARN_INFINITE_RECURSION = YES;
				CLANG_WARN_INT_CONVERSION = YES;
				CLANG_WARN_NON_LITERAL_NULL_CONVERSION = YES;
				CLANG_WARN_OBJC_IMPLICIT_RETAIN_SELF = YES;
				CLANG_WARN_OBJC_LITERAL_CONVERSION = YES;
				CLANG_WARN_OBJC_ROOT_CLASS = YES_ERROR;
				CLANG_WARN_QUOTED_INCLUDE_IN_FRAMEWORK_HEADER = YES;
				CLANG_WARN_RANGE_LOOP_ANALYSIS = YES;
				CLANG_WARN_STRICT_PROTOTYPES = YES;
				CLANG_WARN_SUSPICIOUS_MOVE = YES;
				CLANG_WARN_UNGUARDED_AVAILABILITY = YES_AGGRESSIVE;
				CLANG_WARN_UNREACHABLE_CODE = YES;
				CLANG_WARN__DUPLICATE_METHOD_MATCH = YES;
				COPY_PHASE_STRIP = NO;
				DEBUG_INFORMATION_FORMAT = dwarf;
				ENABLE_STRICT_OBJC_MSGSEND = YES;
				ENABLE_TESTABILITY = YES;
				ENABLE_USER_SCRIPT_SANDBOXING = YES;
				GCC_C_LANGUAGE_STANDARD = gnu17;
				GCC_DYNAMIC_NO_PIC = NO;
				GCC_NO_COMMON_BLOCKS = YES;
				GCC_OPTIMIZATION_LEVEL = 0;
				GCC_PREPROCESSOR_DEFINITIONS = (
					"DEBUG=1",
					"$(inherited)",
				);
				GCC_WARN_64_TO_32_BIT_CONVERSION = YES;
				GCC_WARN_ABOUT_RETURN_TYPE = YES_ERROR;
				GCC_WARN_UNDECLARED_SELECTOR = YES;
				GCC_WARN_UNINITIALIZED_AUTOS = YES_AGGRESSIVE;
				GCC_WARN_UNUSED_FUNCTION = YES;
				GCC_WARN_UNUSED_VARIABLE = YES;
				IPHONEOS_DEPLOYMENT_TARGET = 17.2;
				LOCALIZATION_PREFERS_STRING_CATALOGS = YES;
				MTL_ENABLE_DEBUG_INFO = INCLUDE_SOURCE;
				MTL_FAST_MATH = YES;
				ONLY_ACTIVE_ARCH = YES;
				SDKROOT = iphoneos;
				SWIFT_ACTIVE_COMPILATION_CONDITIONS = "DEBUG $(inherited)";
				SWIFT_OPTIMIZATION_LEVEL = "-Onone";
			};
			name = Debug;
		};
		D7B762F32BB20693006FF19F /* Release */ = {
			isa = XCBuildConfiguration;
			buildSettings = {
				ALWAYS_SEARCH_USER_PATHS = NO;
				ASSETCATALOG_COMPILER_GENERATE_SWIFT_ASSET_SYMBOL_EXTENSIONS = YES;
				CLANG_ANALYZER_NONNULL = YES;
				CLANG_ANALYZER_NUMBER_OBJECT_CONVERSION = YES_AGGRESSIVE;
				CLANG_CXX_LANGUAGE_STANDARD = "gnu++20";
				CLANG_ENABLE_MODULES = YES;
				CLANG_ENABLE_OBJC_ARC = YES;
				CLANG_ENABLE_OBJC_WEAK = YES;
				CLANG_WARN_BLOCK_CAPTURE_AUTORELEASING = YES;
				CLANG_WARN_BOOL_CONVERSION = YES;
				CLANG_WARN_COMMA = YES;
				CLANG_WARN_CONSTANT_CONVERSION = YES;
				CLANG_WARN_DEPRECATED_OBJC_IMPLEMENTATIONS = YES;
				CLANG_WARN_DIRECT_OBJC_ISA_USAGE = YES_ERROR;
				CLANG_WARN_DOCUMENTATION_COMMENTS = YES;
				CLANG_WARN_EMPTY_BODY = YES;
				CLANG_WARN_ENUM_CONVERSION = YES;
				CLANG_WARN_INFINITE_RECURSION = YES;
				CLANG_WARN_INT_CONVERSION = YES;
				CLANG_WARN_NON_LITERAL_NULL_CONVERSION = YES;
				CLANG_WARN_OBJC_IMPLICIT_RETAIN_SELF = YES;
				CLANG_WARN_OBJC_LITERAL_CONVERSION = YES;
				CLANG_WARN_OBJC_ROOT_CLASS = YES_ERROR;
				CLANG_WARN_QUOTED_INCLUDE_IN_FRAMEWORK_HEADER = YES;
				CLANG_WARN_RANGE_LOOP_ANALYSIS = YES;
				CLANG_WARN_STRICT_PROTOTYPES = YES;
				CLANG_WARN_SUSPICIOUS_MOVE = YES;
				CLANG_WARN_UNGUARDED_AVAILABILITY = YES_AGGRESSIVE;
				CLANG_WARN_UNREACHABLE_CODE = YES;
				CLANG_WARN__DUPLICATE_METHOD_MATCH = YES;
				COPY_PHASE_STRIP = NO;
				DEBUG_INFORMATION_FORMAT = "dwarf-with-dsym";
				ENABLE_NS_ASSERTIONS = NO;
				ENABLE_STRICT_OBJC_MSGSEND = YES;
				ENABLE_USER_SCRIPT_SANDBOXING = YES;
				GCC_C_LANGUAGE_STANDARD = gnu17;
				GCC_NO_COMMON_BLOCKS = YES;
				GCC_WARN_64_TO_32_BIT_CONVERSION = YES;
				GCC_WARN_ABOUT_RETURN_TYPE = YES_ERROR;
				GCC_WARN_UNDECLARED_SELECTOR = YES;
				GCC_WARN_UNINITIALIZED_AUTOS = YES_AGGRESSIVE;
				GCC_WARN_UNUSED_FUNCTION = YES;
				GCC_WARN_UNUSED_VARIABLE = YES;
				IPHONEOS_DEPLOYMENT_TARGET = 17.2;
				LOCALIZATION_PREFERS_STRING_CATALOGS = YES;
				MTL_ENABLE_DEBUG_INFO = NO;
				MTL_FAST_MATH = YES;
				SDKROOT = iphoneos;
				SWIFT_COMPILATION_MODE = wholemodule;
				VALIDATE_PRODUCT = YES;
			};
			name = Release;
		};
		D7B762F52BB20693006FF19F /* Debug */ = {
			isa = XCBuildConfiguration;
			buildSettings = {
				ASSETCATALOG_COMPILER_APPICON_NAME = AppIcon;
				ASSETCATALOG_COMPILER_GLOBAL_ACCENT_COLOR_NAME = AccentColor;
				CODE_SIGN_STYLE = Automatic;
				CURRENT_PROJECT_VERSION = 1;
				DEVELOPMENT_ASSET_PATHS = "\"Swift Data Structures and Algorithms Exploration/Preview Content\"";
				DEVELOPMENT_TEAM = U9JXWD2ZKD;
				ENABLE_PREVIEWS = YES;
				GENERATE_INFOPLIST_FILE = YES;
				INFOPLIST_KEY_UIApplicationSceneManifest_Generation = YES;
				INFOPLIST_KEY_UIApplicationSupportsIndirectInputEvents = YES;
				INFOPLIST_KEY_UILaunchScreen_Generation = YES;
				INFOPLIST_KEY_UISupportedInterfaceOrientations_iPad = "UIInterfaceOrientationPortrait UIInterfaceOrientationPortraitUpsideDown UIInterfaceOrientationLandscapeLeft UIInterfaceOrientationLandscapeRight";
				INFOPLIST_KEY_UISupportedInterfaceOrientations_iPhone = "UIInterfaceOrientationPortrait UIInterfaceOrientationLandscapeLeft UIInterfaceOrientationLandscapeRight";
				LD_RUNPATH_SEARCH_PATHS = (
					"$(inherited)",
					"@executable_path/Frameworks",
				);
				MARKETING_VERSION = 1.0;
				PRODUCT_BUNDLE_IDENTIFIER = "sashamoroz.Swift-Data-Structures-and-Algorithms-Exploration";
				PRODUCT_NAME = "$(TARGET_NAME)";
				SWIFT_EMIT_LOC_STRINGS = YES;
				SWIFT_VERSION = 5.0;
				TARGETED_DEVICE_FAMILY = "1,2";
			};
			name = Debug;
		};
		D7B762F62BB20693006FF19F /* Release */ = {
			isa = XCBuildConfiguration;
			buildSettings = {
				ASSETCATALOG_COMPILER_APPICON_NAME = AppIcon;
				ASSETCATALOG_COMPILER_GLOBAL_ACCENT_COLOR_NAME = AccentColor;
				CODE_SIGN_STYLE = Automatic;
				CURRENT_PROJECT_VERSION = 1;
				DEVELOPMENT_ASSET_PATHS = "\"Swift Data Structures and Algorithms Exploration/Preview Content\"";
				DEVELOPMENT_TEAM = U9JXWD2ZKD;
				ENABLE_PREVIEWS = YES;
				GENERATE_INFOPLIST_FILE = YES;
				INFOPLIST_KEY_UIApplicationSceneManifest_Generation = YES;
				INFOPLIST_KEY_UIApplicationSupportsIndirectInputEvents = YES;
				INFOPLIST_KEY_UILaunchScreen_Generation = YES;
				INFOPLIST_KEY_UISupportedInterfaceOrientations_iPad = "UIInterfaceOrientationPortrait UIInterfaceOrientationPortraitUpsideDown UIInterfaceOrientationLandscapeLeft UIInterfaceOrientationLandscapeRight";
				INFOPLIST_KEY_UISupportedInterfaceOrientations_iPhone = "UIInterfaceOrientationPortrait UIInterfaceOrientationLandscapeLeft UIInterfaceOrientationLandscapeRight";
				LD_RUNPATH_SEARCH_PATHS = (
					"$(inherited)",
					"@executable_path/Frameworks",
				);
				MARKETING_VERSION = 1.0;
				PRODUCT_BUNDLE_IDENTIFIER = "sashamoroz.Swift-Data-Structures-and-Algorithms-Exploration";
				PRODUCT_NAME = "$(TARGET_NAME)";
				SWIFT_EMIT_LOC_STRINGS = YES;
				SWIFT_VERSION = 5.0;
				TARGETED_DEVICE_FAMILY = "1,2";
			};
			name = Release;
		};
/* End XCBuildConfiguration section */

/* Begin XCConfigurationList section */
		D7B762DC2BB20690006FF19F /* Build configuration list for PBXProject "Swift Data Structures and Algorithms Exploration" */ = {
			isa = XCConfigurationList;
			buildConfigurations = (
				D7B762F22BB20693006FF19F /* Debug */,
				D7B762F32BB20693006FF19F /* Release */,
			);
			defaultConfigurationIsVisible = 0;
			defaultConfigurationName = Release;
		};
		D7B762F42BB20693006FF19F /* Build configuration list for PBXNativeTarget "Swift Data Structures and Algorithms Exploration" */ = {
			isa = XCConfigurationList;
			buildConfigurations = (
				D7B762F52BB20693006FF19F /* Debug */,
				D7B762F62BB20693006FF19F /* Release */,
			);
			defaultConfigurationIsVisible = 0;
			defaultConfigurationName = Release;
		};
/* End XCConfigurationList section */

/* Begin XCVersionGroup section */
		D7B762EF2BB20693006FF19F /* Swift_Data_Structures_and_Algorithms_Exploration.xcdatamodeld */ = {
			isa = XCVersionGroup;
			children = (
				D7B762F02BB20693006FF19F /* Swift_Data_Structures_and_Algorithms_Exploration.xcdatamodel */,
			);
			currentVersion = D7B762F02BB20693006FF19F /* Swift_Data_Structures_and_Algorithms_Exploration.xcdatamodel */;
			path = Swift_Data_Structures_and_Algorithms_Exploration.xcdatamodeld;
			sourceTree = "<group>";
			versionGroupType = wrapper.xcdatamodel;
		};
/* End XCVersionGroup section */
	};
	rootObject = D7B762D92BB20690006FF19F /* Project object */;
}
